
Microsoft Visual Studio Solution File, Format Version 12.00
# Visual Studio 2013
VisualStudioVersion = 12.0.31101.0
MinimumVisualStudioVersion = 10.0.40219.1
Project("{FAE04EC0-301F-11D3-BF4B-00C04F79EFBC}") = "TokenGenerator", "TokenGeneratorService\TokenGenerator.csproj", "{E6D74B43-0614-47B1-92CB-FD68E864728C}"
EndProject
Project("{FAE04EC0-301F-11D3-BF4B-00C04F79EFBC}") = "ProcessTokensWorkerRole", "ProcessTokensWorkerRole\ProcessTokensWorkerRole.csproj", "{3C076767-435E-45D3-84C1-6A27BE8B63A6}"
EndProject
Project("{CC5FD16D-436D-48AD-A40C-5A424C6E3E79}") = "TokensWebCloudService", "TokensWebCloudService\TokensWebCloudService.ccproj", "{571C4435-B893-4271-955D-8EBDDE074A48}"
EndProject
Project("{FAE04EC0-301F-11D3-BF4B-00C04F79EFBC}") = "TokensWebRole", "TokensWebRole\TokensWebRole.csproj", "{B621EC42-B956-4B47-A3B6-12DA76CC529B}"
EndProject
Project("{FAE04EC0-301F-11D3-BF4B-00C04F79EFBC}") = "TokensEntities", "TokensEntities\TokensEntities.csproj", "{A857313C-1AD4-469F-AAF7-53D28461B482}"
EndProject
Global
	GlobalSection(SolutionConfigurationPlatforms) = preSolution
		Debug|Any CPU = Debug|Any CPU
		Release|Any CPU = Release|Any CPU
	EndGlobalSection
	GlobalSection(ProjectConfigurationPlatforms) = postSolution
		{E6D74B43-0614-47B1-92CB-FD68E864728C}.Debug|Any CPU.ActiveCfg = Debug|Any CPU
		{E6D74B43-0614-47B1-92CB-FD68E864728C}.Debug|Any CPU.Build.0 = Debug|Any CPU
		{E6D74B43-0614-47B1-92CB-FD68E864728C}.Release|Any CPU.ActiveCfg = Release|Any CPU
		{E6D74B43-0614-47B1-92CB-FD68E864728C}.Release|Any CPU.Build.0 = Release|Any CPU
		{3C076767-435E-45D3-84C1-6A27BE8B63A6}.Debug|Any CPU.ActiveCfg = Debug|Any CPU
		{3C076767-435E-45D3-84C1-6A27BE8B63A6}.Debug|Any CPU.Build.0 = Debug|Any CPU
		{3C076767-435E-45D3-84C1-6A27BE8B63A6}.Release|Any CPU.ActiveCfg = Release|Any CPU
		{3C076767-435E-45D3-84C1-6A27BE8B63A6}.Release|Any CPU.Build.0 = Release|Any CPU
		{571C4435-B893-4271-955D-8EBDDE074A48}.Debug|Any CPU.ActiveCfg = Debug|Any CPU
		{571C4435-B893-4271-955D-8EBDDE074A48}.Debug|Any CPU.Build.0 = Debug|Any CPU
		{571C4435-B893-4271-955D-8EBDDE074A48}.Release|Any CPU.ActiveCfg = Release|Any CPU
		{571C4435-B893-4271-955D-8EBDDE074A48}.Release|Any CPU.Build.0 = Release|Any CPU
		{B621EC42-B956-4B47-A3B6-12DA76CC529B}.Debug|Any CPU.ActiveCfg = Debug|Any CPU
		{B621EC42-B956-4B47-A3B6-12DA76CC529B}.Debug|Any CPU.Build.0 = Debug|Any CPU
		{B621EC42-B956-4B47-A3B6-12DA76CC529B}.Release|Any CPU.ActiveCfg = Release|Any CPU
		{B621EC42-B956-4B47-A3B6-12DA76CC529B}.Release|Any CPU.Build.0 = Release|Any CPU
		{A857313C-1AD4-469F-AAF7-53D28461B482}.Debug|Any CPU.ActiveCfg = Debug|Any CPU
		{A857313C-1AD4-469F-AAF7-53D28461B482}.Debug|Any CPU.Build.0 = Debug|Any CPU
		{A857313C-1AD4-469F-AAF7-53D28461B482}.Release|Any CPU.ActiveCfg = Release|Any CPU
		{A857313C-1AD4-469F-AAF7-53D28461B482}.Release|Any CPU.Build.0 = Release|Any CPU
	EndGlobalSection
	GlobalSection(SolutionProperties) = preSolution
		HideSolutionNode = FALSE
	EndGlobalSection
EndGlobal
